
Microsoft Visual Studio Solution File, Format Version 12.00
# Visual Studio Version 17
VisualStudioVersion = 17.3.32929.385
MinimumVisualStudioVersion = 10.0.40219.1
Project("{FAE04EC0-301F-11D3-BF4B-00C04F79EFBC}") = "CadLflr", "CadLflr\CadLflr.csproj", "{50BD1333-BA07-4245-88E8-DB52C14361A7}"
EndProject
Project("{FAE04EC0-301F-11D3-BF4B-00C04F79EFBC}") = "ClnLflr", "ClnLflr\ClnLflr.csproj", "{6D6D2ED0-23BE-4574-B13B-0B2D32D7F060}"
EndProject
Project("{FAE04EC0-301F-11D3-BF4B-00C04F79EFBC}") = "CpLflr", "CpLflr\CpLflr.csproj", "{CC5912DE-0A74-492A-9C6E-89E805D735D8}"
EndProject
Global
	GlobalSection(SolutionConfigurationPlatforms) = preSolution
		Debug|Any CPU = Debug|Any CPU
		Release|Any CPU = Release|Any CPU
	EndGlobalSection
	GlobalSection(ProjectConfigurationPlatforms) = postSolution
		{50BD1333-BA07-4245-88E8-DB52C14361A7}.Debug|Any CPU.ActiveCfg = Debug|Any CPU
		{50BD1333-BA07-4245-88E8-DB52C14361A7}.Debug|Any CPU.Build.0 = Debug|Any CPU
		{50BD1333-BA07-4245-88E8-DB52C14361A7}.Release|Any CPU.ActiveCfg = Release|Any CPU
		{50BD1333-BA07-4245-88E8-DB52C14361A7}.Release|Any CPU.Build.0 = Release|Any CPU
		{6D6D2ED0-23BE-4574-B13B-0B2D32D7F060}.Debug|Any CPU.ActiveCfg = Debug|Any CPU
		{6D6D2ED0-23BE-4574-B13B-0B2D32D7F060}.Debug|Any CPU.Build.0 = Debug|Any CPU
		{6D6D2ED0-23BE-4574-B13B-0B2D32D7F060}.Release|Any CPU.ActiveCfg = Release|Any CPU
		{6D6D2ED0-23BE-4574-B13B-0B2D32D7F060}.Release|Any CPU.Build.0 = Release|Any CPU
		{CC5912DE-0A74-492A-9C6E-89E805D735D8}.Debug|Any CPU.ActiveCfg = Debug|Any CPU
		{CC5912DE-0A74-492A-9C6E-89E805D735D8}.Debug|Any CPU.Build.0 = Debug|Any CPU
		{CC5912DE-0A74-492A-9C6E-89E805D735D8}.Release|Any CPU.ActiveCfg = Release|Any CPU
		{CC5912DE-0A74-492A-9C6E-89E805D735D8}.Release|Any CPU.Build.0 = Release|Any CPU
	EndGlobalSection
	GlobalSection(SolutionProperties) = preSolution
		HideSolutionNode = FALSE
	EndGlobalSection
	GlobalSection(ExtensibilityGlobals) = postSolution
		SolutionGuid = {C3FAC9A2-C34A-4757-B0D6-BDBC34A3FF90}
	EndGlobalSection
EndGlobal
